
Microsoft Visual Studio Solution File, Format Version 12.00
# Visual Studio 2012
Project("{FAE04EC0-301F-11D3-BF4B-00C04F79EFBC}") = "PhonetoysMVC", "webbensWeb\PhonetoysMVC.csproj", "{D237979C-BD48-4F84-B76A-F7849540E66C}"
EndProject
Project("{FAE04EC0-301F-11D3-BF4B-00C04F79EFBC}") = "PhonetoysWeb", "..\..\..\..\Desktop\BackupFinal\Phonetoys\PhonetoysWeb\PhonetoysWeb.csproj", "{676988B3-5653-4134-8E57-2A3BCA952FA1}"
EndProject
Global
	GlobalSection(SolutionConfigurationPlatforms) = preSolution
		Debug|Any CPU = Debug|Any CPU
		Release|Any CPU = Release|Any CPU
	EndGlobalSection
	GlobalSection(ProjectConfigurationPlatforms) = postSolution
		{D237979C-BD48-4F84-B76A-F7849540E66C}.Debug|Any CPU.ActiveCfg = Debug|Any CPU
		{D237979C-BD48-4F84-B76A-F7849540E66C}.Debug|Any CPU.Build.0 = Debug|Any CPU
		{D237979C-BD48-4F84-B76A-F7849540E66C}.Release|Any CPU.ActiveCfg = Release|Any CPU
		{D237979C-BD48-4F84-B76A-F7849540E66C}.Release|Any CPU.Build.0 = Release|Any CPU
		{676988B3-5653-4134-8E57-2A3BCA952FA1}.Debug|Any CPU.ActiveCfg = Debug|Any CPU
		{676988B3-5653-4134-8E57-2A3BCA952FA1}.Debug|Any CPU.Build.0 = Debug|Any CPU
		{676988B3-5653-4134-8E57-2A3BCA952FA1}.Release|Any CPU.ActiveCfg = Release|Any CPU
		{676988B3-5653-4134-8E57-2A3BCA952FA1}.Release|Any CPU.Build.0 = Release|Any CPU
	EndGlobalSection
	GlobalSection(SolutionProperties) = preSolution
		HideSolutionNode = FALSE
	EndGlobalSection
EndGlobal
